
Microsoft Visual Studio Solution File, Format Version 11.00
# Visual Studio 2010
Project("{FAE04EC0-301F-11D3-BF4B-00C04F79EFBC}") = "Assembly-CSharp", "Assembly-CSharp.csproj", "{C3DA89E1-70C6-7D6C-993E-C8F831D35880}"
EndProject
Project("{FAE04EC0-301F-11D3-BF4B-00C04F79EFBC}") = "Oculus.VR", "Oculus.VR.csproj", "{18A7AFD3-1465-891F-90EC-AEA33D5D3C8A}"
EndProject
Project("{FAE04EC0-301F-11D3-BF4B-00C04F79EFBC}") = "Assembly-CSharp-Editor", "Assembly-CSharp-Editor.csproj", "{33C3DCDC-76CB-1FCD-751B-4E7E18D0E2DF}"
EndProject
Project("{FAE04EC0-301F-11D3-BF4B-00C04F79EFBC}") = "Oculus.VR.Scripts.Editor", "Oculus.VR.Scripts.Editor.csproj", "{CB09CBC8-3196-A5F9-4C5D-F0F72B91A5A0}"
EndProject
Project("{FAE04EC0-301F-11D3-BF4B-00C04F79EFBC}") = "Oculus.VR.Editor", "Oculus.VR.Editor.csproj", "{396BFC99-C305-9BE4-FB72-44D01C131821}"
EndProject
Global
	GlobalSection(SolutionConfigurationPlatforms) = preSolution
		Debug|Any CPU = Debug|Any CPU
		Release|Any CPU = Release|Any CPU
	EndGlobalSection
	GlobalSection(ProjectConfigurationPlatforms) = postSolution
		{C3DA89E1-70C6-7D6C-993E-C8F831D35880}.Debug|Any CPU.ActiveCfg = Debug|Any CPU
		{C3DA89E1-70C6-7D6C-993E-C8F831D35880}.Debug|Any CPU.Build.0 = Debug|Any CPU
		{C3DA89E1-70C6-7D6C-993E-C8F831D35880}.Release|Any CPU.ActiveCfg = Release|Any CPU
		{C3DA89E1-70C6-7D6C-993E-C8F831D35880}.Release|Any CPU.Build.0 = Release|Any CPU
		{18A7AFD3-1465-891F-90EC-AEA33D5D3C8A}.Debug|Any CPU.ActiveCfg = Debug|Any CPU
		{18A7AFD3-1465-891F-90EC-AEA33D5D3C8A}.Debug|Any CPU.Build.0 = Debug|Any CPU
		{18A7AFD3-1465-891F-90EC-AEA33D5D3C8A}.Release|Any CPU.ActiveCfg = Release|Any CPU
		{18A7AFD3-1465-891F-90EC-AEA33D5D3C8A}.Release|Any CPU.Build.0 = Release|Any CPU
		{33C3DCDC-76CB-1FCD-751B-4E7E18D0E2DF}.Debug|Any CPU.ActiveCfg = Debug|Any CPU
		{33C3DCDC-76CB-1FCD-751B-4E7E18D0E2DF}.Debug|Any CPU.Build.0 = Debug|Any CPU
		{33C3DCDC-76CB-1FCD-751B-4E7E18D0E2DF}.Release|Any CPU.ActiveCfg = Release|Any CPU
		{33C3DCDC-76CB-1FCD-751B-4E7E18D0E2DF}.Release|Any CPU.Build.0 = Release|Any CPU
		{CB09CBC8-3196-A5F9-4C5D-F0F72B91A5A0}.Debug|Any CPU.ActiveCfg = Debug|Any CPU
		{CB09CBC8-3196-A5F9-4C5D-F0F72B91A5A0}.Debug|Any CPU.Build.0 = Debug|Any CPU
		{CB09CBC8-3196-A5F9-4C5D-F0F72B91A5A0}.Release|Any CPU.ActiveCfg = Release|Any CPU
		{CB09CBC8-3196-A5F9-4C5D-F0F72B91A5A0}.Release|Any CPU.Build.0 = Release|Any CPU
		{396BFC99-C305-9BE4-FB72-44D01C131821}.Debug|Any CPU.ActiveCfg = Debug|Any CPU
		{396BFC99-C305-9BE4-FB72-44D01C131821}.Debug|Any CPU.Build.0 = Debug|Any CPU
		{396BFC99-C305-9BE4-FB72-44D01C131821}.Release|Any CPU.ActiveCfg = Release|Any CPU
		{396BFC99-C305-9BE4-FB72-44D01C131821}.Release|Any CPU.Build.0 = Release|Any CPU
	EndGlobalSection
	GlobalSection(SolutionProperties) = preSolution
		HideSolutionNode = FALSE
	EndGlobalSection
EndGlobal
